# This file is automatically @generated by Cargo.
# It is not intended for manual editing.
version = 4

[[package]]
name = "a007_hashmap_api_bgn"
version = "0.1.0"

[[package]]
name = "a007_hashmap_api_bgn_sol"
version = "0.1.0"

[[package]]
name = "string004"
version = "0.1.0"

[[package]]
name = "string_str003"
version = "0.1.0"

[[package]]
name = "string_str003sol"
version = "0.1.0"

[[package]]
name = "vec002"
version = "0.1.0"

[[package]]
name = "vec002sol"
version = "0.1.0"

[[package]]
name = "vecapibgn005"
version = "0.1.0"

[[package]]
name = "vecapibgn006sol"
version = "0.1.0"

[[package]]
name = "vecbgn005"
version = "0.1.0"

[[package]]
name = "vecbgn005sol"
version = "0.1.0"
